
Microsoft Visual Studio Solution File, Format Version 12.00
# Visual Studio Version 16
VisualStudioVersion = 16.0.31624.102
MinimumVisualStudioVersion = 10.0.40219.1
Project("{9A19103F-16F7-4668-BE54-9A1E7A4F7556}") = "Lab_3", "Lab_3\Lab_3.csproj", "{4CE681C1-F9BA-4E0E-B780-57443964DD66}"
EndProject
Project("{FAE04EC0-301F-11D3-BF4B-00C04F79EFBC}") = "Computering", "..\..\..\Other\Computering\Computering\Computering\Computering.csproj", "{68DF5C89-1B02-49A3-B502-EBA3E6E9D01E}"
EndProject
Global
	GlobalSection(SolutionConfigurationPlatforms) = preSolution
		Debug|Any CPU = Debug|Any CPU
		Release|Any CPU = Release|Any CPU
	EndGlobalSection
	GlobalSection(ProjectConfigurationPlatforms) = postSolution
		{4CE681C1-F9BA-4E0E-B780-57443964DD66}.Debug|Any CPU.ActiveCfg = Debug|Any CPU
		{4CE681C1-F9BA-4E0E-B780-57443964DD66}.Debug|Any CPU.Build.0 = Debug|Any CPU
		{4CE681C1-F9BA-4E0E-B780-57443964DD66}.Release|Any CPU.ActiveCfg = Release|Any CPU
		{4CE681C1-F9BA-4E0E-B780-57443964DD66}.Release|Any CPU.Build.0 = Release|Any CPU
		{68DF5C89-1B02-49A3-B502-EBA3E6E9D01E}.Debug|Any CPU.ActiveCfg = Debug|Any CPU
		{68DF5C89-1B02-49A3-B502-EBA3E6E9D01E}.Debug|Any CPU.Build.0 = Debug|Any CPU
		{68DF5C89-1B02-49A3-B502-EBA3E6E9D01E}.Release|Any CPU.ActiveCfg = Release|Any CPU
		{68DF5C89-1B02-49A3-B502-EBA3E6E9D01E}.Release|Any CPU.Build.0 = Release|Any CPU
	EndGlobalSection
	GlobalSection(SolutionProperties) = preSolution
		HideSolutionNode = FALSE
	EndGlobalSection
	GlobalSection(ExtensibilityGlobals) = postSolution
		SolutionGuid = {1F8B5626-9B66-4123-B839-A56535DA144D}
	EndGlobalSection
EndGlobal
